{
  "name": "serverless-sample",
  "version": "1.2.0",
  "lockfileVersion": 1,
  "requires": true,
  "dependencies": {
    "serverless-plugin-datadog": {
      "version": "0.21.0",
      "resolved": "https://registry.npmjs.org/serverless-plugin-datadog/-/serverless-plugin-datadog-0.21.0.tgz",
      "integrity": "sha512-GOMcxMBsQ99066UB1Zt8Wf+SbNFbnVwZSvEEoPsTF4NCBrR+AEhf21ySTwYeKzt5X6bu2COYjZtuJzjZpXeYTg=="
    }
  }
}
